
Microsoft Visual Studio Solution File, Format Version 12.00
# Visual Studio Version 17
VisualStudioVersion = 17.10.34928.147
MinimumVisualStudioVersion = 10.0.40219.1
Project("{FAE04EC0-301F-11D3-BF4B-00C04F79EFBC}") = "array", "array\array.csproj", "{5DAC2F4A-ADAA-41F3-B68C-43722076F3EF}"
EndProject
Global
	GlobalSection(SolutionConfigurationPlatforms) = preSolution
		Debug|Any CPU = Debug|Any CPU
		Release|Any CPU = Release|Any CPU
	EndGlobalSection
	GlobalSection(ProjectConfigurationPlatforms) = postSolution
		{5DAC2F4A-ADAA-41F3-B68C-43722076F3EF}.Debug|Any CPU.ActiveCfg = Debug|Any CPU
		{5DAC2F4A-ADAA-41F3-B68C-43722076F3EF}.Debug|Any CPU.Build.0 = Debug|Any CPU
		{5DAC2F4A-ADAA-41F3-B68C-43722076F3EF}.Release|Any CPU.ActiveCfg = Release|Any CPU
		{5DAC2F4A-ADAA-41F3-B68C-43722076F3EF}.Release|Any CPU.Build.0 = Release|Any CPU
	EndGlobalSection
	GlobalSection(SolutionProperties) = preSolution
		HideSolutionNode = FALSE
	EndGlobalSection
	GlobalSection(ExtensibilityGlobals) = postSolution
		SolutionGuid = {8BA66A61-07F6-47B0-BEB7-2A721AC3F55A}
	EndGlobalSection
EndGlobal
