
Microsoft Visual Studio Solution File, Format Version 12.00
# Visual Studio Version 17
VisualStudioVersion = 17.10.34928.147
MinimumVisualStudioVersion = 10.0.40219.1
Project("{FAE04EC0-301F-11D3-BF4B-00C04F79EFBC}") = "oop", "oop\oop.csproj", "{BB96F43B-7A18-4E0B-8D6D-12298CBC5068}"
EndProject
Global
	GlobalSection(SolutionConfigurationPlatforms) = preSolution
		Debug|Any CPU = Debug|Any CPU
		Release|Any CPU = Release|Any CPU
	EndGlobalSection
	GlobalSection(ProjectConfigurationPlatforms) = postSolution
		{BB96F43B-7A18-4E0B-8D6D-12298CBC5068}.Debug|Any CPU.ActiveCfg = Debug|Any CPU
		{BB96F43B-7A18-4E0B-8D6D-12298CBC5068}.Debug|Any CPU.Build.0 = Debug|Any CPU
		{BB96F43B-7A18-4E0B-8D6D-12298CBC5068}.Release|Any CPU.ActiveCfg = Release|Any CPU
		{BB96F43B-7A18-4E0B-8D6D-12298CBC5068}.Release|Any CPU.Build.0 = Release|Any CPU
	EndGlobalSection
	GlobalSection(SolutionProperties) = preSolution
		HideSolutionNode = FALSE
	EndGlobalSection
	GlobalSection(ExtensibilityGlobals) = postSolution
		SolutionGuid = {7A5B7ADD-41CD-4E3B-BAEE-B70D016BC565}
	EndGlobalSection
EndGlobal
