
Microsoft Visual Studio Solution File, Format Version 12.00
# Visual Studio Version 17
VisualStudioVersion = 17.10.34928.147
MinimumVisualStudioVersion = 10.0.40219.1
Project("{FAE04EC0-301F-11D3-BF4B-00C04F79EFBC}") = "project4 operator", "project4 operator\project4 operator.csproj", "{10699D1F-B488-4A89-A451-D2F5EEB3ECA8}"
EndProject
Global
	GlobalSection(SolutionConfigurationPlatforms) = preSolution
		Debug|Any CPU = Debug|Any CPU
		Release|Any CPU = Release|Any CPU
	EndGlobalSection
	GlobalSection(ProjectConfigurationPlatforms) = postSolution
		{10699D1F-B488-4A89-A451-D2F5EEB3ECA8}.Debug|Any CPU.ActiveCfg = Debug|Any CPU
		{10699D1F-B488-4A89-A451-D2F5EEB3ECA8}.Debug|Any CPU.Build.0 = Debug|Any CPU
		{10699D1F-B488-4A89-A451-D2F5EEB3ECA8}.Release|Any CPU.ActiveCfg = Release|Any CPU
		{10699D1F-B488-4A89-A451-D2F5EEB3ECA8}.Release|Any CPU.Build.0 = Release|Any CPU
	EndGlobalSection
	GlobalSection(SolutionProperties) = preSolution
		HideSolutionNode = FALSE
	EndGlobalSection
	GlobalSection(ExtensibilityGlobals) = postSolution
		SolutionGuid = {41EFDC0B-C715-4A5A-88F2-A5A18E95DE4F}
	EndGlobalSection
EndGlobal
